{
  "originHash" : "5891a4f3490ae8aa78c05190290a7f2c0a6f7d1bafdc252cdbd362332c980e9a",
  "pins" : [
    {
      "identity" : "deviice",
      "kind" : "remoteSourceControl",
      "location" : "https://github.com/andrealufino/Deviice",
      "state" : {
        "revision" : "e9ae6fc86dfcdc23430e93fc0b92f7009408e6a4",
        "version" : "2.1.2"
      }
    },
    {
      "identity" : "dynamiccolor",
      "kind" : "remoteSourceControl",
      "location" : "https://github.com/yannickl/DynamicColor",
      "state" : {
        "revision" : "d9beca13ca85baa50ee29832d0db5129fba69630",
        "version" : "5.0.1"
      }
    },
    {
      "identity" : "fluidgradient",
      "kind" : "remoteSourceControl",
      "location" : "https://github.com/Cindori/FluidGradient",
      "state" : {
        "revision" : "9ddda4cf23671ef0228e88681ec6210cb3e0d7f7",
        "version" : "1.0.0"
      }
    },
    {
      "identity" : "flyingfox",
      "kind" : "remoteSourceControl",
      "location" : "https://github.com/swhitty/FlyingFox.git",
      "state" : {
        "revision" : "00e4d51c57b4fbe4f011650f2f965d3bea1ba7c1",
        "version" : "0.13.0"
      }
    },
    {
      "identity" : "keyboardshortcuts",
      "kind" : "remoteSourceControl",
      "location" : "https://github.com/sindresorhus/KeyboardShortcuts",
      "state" : {
        "revision" : "8b1a9ce78c2f35c8a55dcc95897573abd2cc4f6e",
        "version" : "1.13.0"
      }
    },
    {
      "identity" : "rainbow",
      "kind" : "remoteSourceControl",
      "location" : "https://github.com/onevcat/Rainbow.git",
      "state" : {
        "revision" : "cdf146ae671b2624917648b61c908d1244b98ca1",
        "version" : "4.2.1"
      }
    },
    {
      "identity" : "rateboi",
      "kind" : "remoteSourceControl",
      "location" : "https://github.com/thebarbican19/RateBoi/",
      "state" : {
        "branch" : "main",
        "revision" : "77cad34a446580e437b66e2e08111cf3a879a093"
      }
    },
    {
      "identity" : "sparkle",
      "kind" : "remoteSourceControl",
      "location" : "https://github.com/sparkle-project/Sparkle",
      "state" : {
        "revision" : "87e4fcbac39912f9cdb9a9acf205cad60e1ca3bc",
        "version" : "2.4.2"
      }
    },
    {
      "identity" : "stringmetric.swift",
      "kind" : "remoteSourceControl",
      "location" : "https://github.com/autozimu/StringMetric.swift",
      "state" : {
        "revision" : "ac08419f609e53636bd2d5d140d95d1d14960d6a",
        "version" : "0.3.2"
      }
    },
    {
      "identity" : "swift-argument-parser",
      "kind" : "remoteSourceControl",
      "location" : "https://github.com/apple/swift-argument-parser.git",
      "state" : {
        "revision" : "c5d11a805e765f52ba34ec7284bd4fcd6ba68615",
        "version" : "1.7.0"
      }
    }
  ],
  "version" : 3
}
