{
  "pins" : [
    {
      "identity" : "deviice",
      "kind" : "remoteSourceControl",
      "location" : "https://github.com/andrealufino/Deviice",
      "state" : {
        "revision" : "e9ae6fc86dfcdc23430e93fc0b92f7009408e6a4",
        "version" : "2.1.2"
      }
    },
    {
      "identity" : "dynamiccolor",
      "kind" : "remoteSourceControl",
      "location" : "https://github.com/yannickl/DynamicColor",
      "state" : {
        "revision" : "d9beca13ca85baa50ee29832d0db5129fba69630",
        "version" : "5.0.1"
      }
    },
    {
      "identity" : "enalogswift",
      "kind" : "remoteSourceControl",
      "location" : "https://github.com/thebarbican19/EnalogSwift",
      "state" : {
        "branch" : "main",
        "revision" : "c2d29b5a4eab661026643551adc2bab8a1bc42a7"
      }
    },
    {
      "identity" : "fluidgradient",
      "kind" : "remoteSourceControl",
      "location" : "https://github.com/Cindori/FluidGradient",
      "state" : {
        "revision" : "9ddda4cf23671ef0228e88681ec6210cb3e0d7f7",
        "version" : "1.0.0"
      }
    },
    {
      "identity" : "keyboardshortcuts",
      "kind" : "remoteSourceControl",
      "location" : "https://github.com/sindresorhus/KeyboardShortcuts",
      "state" : {
        "revision" : "8b1a9ce78c2f35c8a55dcc95897573abd2cc4f6e",
        "version" : "1.13.0"
      }
    },
    {
      "identity" : "purchases-ios",
      "kind" : "remoteSourceControl",
      "location" : "https://github.com/RevenueCat/purchases-ios.git",
      "state" : {
        "revision" : "9d8520509574ca253cfe96d34fbef9259ddcdb3d",
        "version" : "4.31.0"
      }
    },
    {
      "identity" : "sparkle",
      "kind" : "remoteSourceControl",
      "location" : "https://github.com/sparkle-project/Sparkle",
      "state" : {
        "revision" : "87e4fcbac39912f9cdb9a9acf205cad60e1ca3bc",
        "version" : "2.4.2"
      }
    }
  ],
  "version" : 2
}
